
Microsoft Visual Studio Solution File, Format Version 12.00
# Visual Studio Version 17
VisualStudioVersion = 17.8.0.0
MinimumVisualStudioVersion = 17.8.0.0
Project("{9A19103F-16F7-4668-BE54-9A1E7A4F7556}") = "Excos.Platform.AppHost", "src\Excos.Platform.AppHost\Excos.Platform.AppHost.csproj", "{9F4996BA-1555-44DF-B0C7-19CEED671DEC}"
EndProject
Project("{9A19103F-16F7-4668-BE54-9A1E7A4F7556}") = "Excos.Platform.AppHostTests", "test\Excos.Platform.AppHostTests\Excos.Platform.AppHostTests.csproj", "{ACFE6722-B56E-497B-B2EF-C6121F2524D9}"
EndProject
Project("{9A19103F-16F7-4668-BE54-9A1E7A4F7556}") = "Excos.Platform.WebApiHost", "src\Excos.Platform.WebApiHost\Excos.Platform.WebApiHost.csproj", "{A2C5BAB3-964F-4BDD-B792-9ABFF2C45EDE}"
EndProject
Project("{6EC3EE1D-3C4E-46DD-8F32-0CC8E7565705}") = "Excos.Platform.WebApiHostTests", "test\Excos.Platform.WebApiHostTests\Excos.Platform.WebApiHostTests.fsproj", "{F7E99834-3875-46EF-9441-6FEDC1617B90}"
EndProject
Project("{FAE04EC0-301F-11D3-BF4B-00C04F79EFBC}") = "Excos.Platform.Common", "src\Excos.Platform.Common\Excos.Platform.Common.csproj", "{A2D25FDA-F00D-4F03-99C1-C5CC9AE4BEC9}"
EndProject
Global
	GlobalSection(SolutionConfigurationPlatforms) = preSolution
		Debug|Any CPU = Debug|Any CPU
		Release|Any CPU = Release|Any CPU
	EndGlobalSection
	GlobalSection(ProjectConfigurationPlatforms) = postSolution
		{9F4996BA-1555-44DF-B0C7-19CEED671DEC}.Debug|Any CPU.ActiveCfg = Debug|Any CPU
		{9F4996BA-1555-44DF-B0C7-19CEED671DEC}.Debug|Any CPU.Build.0 = Debug|Any CPU
		{9F4996BA-1555-44DF-B0C7-19CEED671DEC}.Release|Any CPU.ActiveCfg = Release|Any CPU
		{9F4996BA-1555-44DF-B0C7-19CEED671DEC}.Release|Any CPU.Build.0 = Release|Any CPU
		{ACFE6722-B56E-497B-B2EF-C6121F2524D9}.Debug|Any CPU.ActiveCfg = Debug|Any CPU
		{ACFE6722-B56E-497B-B2EF-C6121F2524D9}.Debug|Any CPU.Build.0 = Debug|Any CPU
		{ACFE6722-B56E-497B-B2EF-C6121F2524D9}.Release|Any CPU.ActiveCfg = Release|Any CPU
		{ACFE6722-B56E-497B-B2EF-C6121F2524D9}.Release|Any CPU.Build.0 = Release|Any CPU
		{A2C5BAB3-964F-4BDD-B792-9ABFF2C45EDE}.Debug|Any CPU.ActiveCfg = Debug|Any CPU
		{A2C5BAB3-964F-4BDD-B792-9ABFF2C45EDE}.Debug|Any CPU.Build.0 = Debug|Any CPU
		{A2C5BAB3-964F-4BDD-B792-9ABFF2C45EDE}.Release|Any CPU.ActiveCfg = Release|Any CPU
		{A2C5BAB3-964F-4BDD-B792-9ABFF2C45EDE}.Release|Any CPU.Build.0 = Release|Any CPU
		{F7E99834-3875-46EF-9441-6FEDC1617B90}.Debug|Any CPU.ActiveCfg = Debug|Any CPU
		{F7E99834-3875-46EF-9441-6FEDC1617B90}.Debug|Any CPU.Build.0 = Debug|Any CPU
		{F7E99834-3875-46EF-9441-6FEDC1617B90}.Release|Any CPU.ActiveCfg = Release|Any CPU
		{F7E99834-3875-46EF-9441-6FEDC1617B90}.Release|Any CPU.Build.0 = Release|Any CPU
		{A2D25FDA-F00D-4F03-99C1-C5CC9AE4BEC9}.Debug|Any CPU.ActiveCfg = Debug|Any CPU
		{A2D25FDA-F00D-4F03-99C1-C5CC9AE4BEC9}.Debug|Any CPU.Build.0 = Debug|Any CPU
		{A2D25FDA-F00D-4F03-99C1-C5CC9AE4BEC9}.Release|Any CPU.ActiveCfg = Release|Any CPU
		{A2D25FDA-F00D-4F03-99C1-C5CC9AE4BEC9}.Release|Any CPU.Build.0 = Release|Any CPU
	EndGlobalSection
	GlobalSection(SolutionProperties) = preSolution
		HideSolutionNode = FALSE
	EndGlobalSection
	GlobalSection(ExtensibilityGlobals) = postSolution
		SolutionGuid = {86BCFD98-DEB5-41A4-8184-C32B44BD992B}
	EndGlobalSection
EndGlobal
